{
  "name": "taganaut",
  "version": "1.0.0",
  "lockfileVersion": 1,
  "requires": true,
  "dependencies": {
    "babylon": {
      "version": "7.0.0-beta.19",
      "resolved": "https://registry.npmjs.org/babylon/-/babylon-7.0.0-beta.19.tgz",
      "integrity": "sha512-Vg0C9s/REX6/WIXN37UKpv5ZhRi6A4pjHlpkE34+8/a6c2W1Q692n3hmc+SZG5lKRnaExLUbxtJ1SVT+KaCQ/A==",
      "dev": true
    },
    "better-sqlite3": {
      "version": "5.0.1",
      "resolved": "https://registry.npmjs.org/better-sqlite3/-/better-sqlite3-5.0.1.tgz",
      "integrity": "sha512-dyZk+gDYNPw14maYX5LG/2SCUTiB7jCvETd+bBYqhFyji3oG+UQFN452sUWSjCHCmfg1JtMbLT7WmqB8GLq8Gw==",
      "dev": true,
      "requires": {
        "integer": "^2.1.0",
        "tar": "^4.4.6"
      }
    },
    "bluebird": {
      "version": "3.5.3",
      "resolved": "https://registry.npmjs.org/bluebird/-/bluebird-3.5.3.tgz",
      "integrity": "sha512-/qKPUQlaW1OyR51WeCPBvRnAlnZFUJkCSG5HzGnuIqhgyJtF+T94lFnn33eiazjRm2LAHVy2guNnaq48X9SJuw=="
    },
    "catharsis": {
      "version": "0.8.9",
      "resolved": "https://registry.npmjs.org/catharsis/-/catharsis-0.8.9.tgz",
      "integrity": "sha1-mMyJDKZS3S7w5ws3klMQ/56Q/Is=",
      "dev": true,
      "requires": {
        "underscore-contrib": "~0.3.0"
      }
    },
    "chownr": {
      "version": "1.1.1",
      "resolved": "https://registry.npmjs.org/chownr/-/chownr-1.1.1.tgz",
      "integrity": "sha512-j38EvO5+LHX84jlo6h4UzmOwi0UgW61WRyPtJz4qaadK5eY3BTS5TY/S1Stc3Uk2lIM6TPevAlULiEJwie860g==",
      "dev": true
    },
    "docdash": {
      "version": "1.0.1",
      "resolved": "https://registry.npmjs.org/docdash/-/docdash-1.0.1.tgz",
      "integrity": "sha512-m6qqQ3zQZnGv+P/GGpKWja9Zrf50X1NJa9HsPe0DYeaZYUbW+afcSAoG2MUY4bQGeOpq0dkuLhsz2QbefXu95g==",
      "dev": true
    },
    "escape-string-regexp": {
      "version": "1.0.5",
      "resolved": "https://registry.npmjs.org/escape-string-regexp/-/escape-string-regexp-1.0.5.tgz",
      "integrity": "sha1-G2HAViGQqN/2rjuyzwIAyhMLhtQ=",
      "dev": true
    },
    "fs-minipass": {
      "version": "1.2.5",
      "resolved": "https://registry.npmjs.org/fs-minipass/-/fs-minipass-1.2.5.tgz",
      "integrity": "sha512-JhBl0skXjUPCFH7x6x61gQxrKyXsxB5gcgePLZCwfyCGGsTISMoIeObbrvVeP6Xmyaudw4TT43qV2Gz+iyd2oQ==",
      "dev": true,
      "requires": {
        "minipass": "^2.2.1"
      }
    },
    "graceful-fs": {
      "version": "4.1.15",
      "resolved": "https://registry.npmjs.org/graceful-fs/-/graceful-fs-4.1.15.tgz",
      "integrity": "sha512-6uHUhOPEBgQ24HM+r6b/QwWfZq+yiFcipKFrOFiBEnWdy5sdzYoi+pJeQaPI5qOLRFqWmAXUPQNsielzdLoecA==",
      "dev": true
    },
    "integer": {
      "version": "2.1.0",
      "resolved": "https://registry.npmjs.org/integer/-/integer-2.1.0.tgz",
      "integrity": "sha512-vBtiSgrEiNocWvvZX1RVfeOKa2mCHLZQ2p9nkQkQZ/BvEiY+6CcUz0eyjvIiewjJoeNidzg2I+tpPJvpyspL1w==",
      "dev": true
    },
    "js2xmlparser": {
      "version": "3.0.0",
      "resolved": "https://registry.npmjs.org/js2xmlparser/-/js2xmlparser-3.0.0.tgz",
      "integrity": "sha1-P7YOqgicVED5MZ9RdgzNB+JJlzM=",
      "dev": true,
      "requires": {
        "xmlcreate": "^1.0.1"
      }
    },
    "jsdoc": {
      "version": "3.5.5",
      "resolved": "https://registry.npmjs.org/jsdoc/-/jsdoc-3.5.5.tgz",
      "integrity": "sha512-6PxB65TAU4WO0Wzyr/4/YhlGovXl0EVYfpKbpSroSj0qBxT4/xod/l40Opkm38dRHRdQgdeY836M0uVnJQG7kg==",
      "dev": true,
      "requires": {
        "babylon": "7.0.0-beta.19",
        "bluebird": "~3.5.0",
        "catharsis": "~0.8.9",
        "escape-string-regexp": "~1.0.5",
        "js2xmlparser": "~3.0.0",
        "klaw": "~2.0.0",
        "marked": "~0.3.6",
        "mkdirp": "~0.5.1",
        "requizzle": "~0.2.1",
        "strip-json-comments": "~2.0.1",
        "taffydb": "2.6.2",
        "underscore": "~1.8.3"
      }
    },
    "klaw": {
      "version": "2.0.0",
      "resolved": "https://registry.npmjs.org/klaw/-/klaw-2.0.0.tgz",
      "integrity": "sha1-WcEo4Nxc5BAgEVEZTuucv4WGUPY=",
      "dev": true,
      "requires": {
        "graceful-fs": "^4.1.9"
      }
    },
    "lokijs": {
      "version": "1.5.5",
      "resolved": "https://registry.npmjs.org/lokijs/-/lokijs-1.5.5.tgz",
      "integrity": "sha1-HCH4KvdXkDf63nueSBNIXCNwi7Y="
    },
    "marked": {
      "version": "0.3.19",
      "resolved": "http://registry.npmjs.org/marked/-/marked-0.3.19.tgz",
      "integrity": "sha512-ea2eGWOqNxPcXv8dyERdSr/6FmzvWwzjMxpfGB/sbMccXoct+xY+YukPD+QTUZwyvK7BZwcr4m21WBOW41pAkg==",
      "dev": true
    },
    "minimist": {
      "version": "0.0.8",
      "resolved": "http://registry.npmjs.org/minimist/-/minimist-0.0.8.tgz",
      "integrity": "sha1-hX/Kv8M5fSYluCKCYuhqp6ARsF0=",
      "dev": true
    },
    "minipass": {
      "version": "2.3.5",
      "resolved": "https://registry.npmjs.org/minipass/-/minipass-2.3.5.tgz",
      "integrity": "sha512-Gi1W4k059gyRbyVUZQ4mEqLm0YIUiGYfvxhF6SIlk3ui1WVxMTGfGdQ2SInh3PDrRTVvPKgULkpJtT4RH10+VA==",
      "dev": true,
      "requires": {
        "safe-buffer": "^5.1.2",
        "yallist": "^3.0.0"
      }
    },
    "minizlib": {
      "version": "1.1.1",
      "resolved": "https://registry.npmjs.org/minizlib/-/minizlib-1.1.1.tgz",
      "integrity": "sha512-TrfjCjk4jLhcJyGMYymBH6oTXcWjYbUAXTHDbtnWHjZC25h0cdajHuPE1zxb4DVmu8crfh+HwH/WMuyLG0nHBg==",
      "dev": true,
      "requires": {
        "minipass": "^2.2.1"
      }
    },
    "mkdirp": {
      "version": "0.5.1",
      "resolved": "http://registry.npmjs.org/mkdirp/-/mkdirp-0.5.1.tgz",
      "integrity": "sha1-MAV0OOrGz3+MR2fzhkjWaX11yQM=",
      "dev": true,
      "requires": {
        "minimist": "0.0.8"
      }
    },
    "requizzle": {
      "version": "0.2.1",
      "resolved": "https://registry.npmjs.org/requizzle/-/requizzle-0.2.1.tgz",
      "integrity": "sha1-aUPDUwxNmn5G8c3dUcFY/GcM294=",
      "dev": true,
      "requires": {
        "underscore": "~1.6.0"
      },
      "dependencies": {
        "underscore": {
          "version": "1.6.0",
          "resolved": "https://registry.npmjs.org/underscore/-/underscore-1.6.0.tgz",
          "integrity": "sha1-izixDKze9jM3uLJOT/htRa6lKag=",
          "dev": true
        }
      }
    },
    "safe-buffer": {
      "version": "5.1.2",
      "resolved": "https://registry.npmjs.org/safe-buffer/-/safe-buffer-5.1.2.tgz",
      "integrity": "sha512-Gd2UZBJDkXlY7GbJxfsE8/nvKkUEU1G38c1siN6QP6a9PT9MmHB8GnpscSmMJSoF8LOIrt8ud/wPtojys4G6+g==",
      "dev": true
    },
    "strip-json-comments": {
      "version": "2.0.1",
      "resolved": "https://registry.npmjs.org/strip-json-comments/-/strip-json-comments-2.0.1.tgz",
      "integrity": "sha1-PFMZQukIwml8DsNEhYwobHygpgo=",
      "dev": true
    },
    "taffydb": {
      "version": "2.6.2",
      "resolved": "https://registry.npmjs.org/taffydb/-/taffydb-2.6.2.tgz",
      "integrity": "sha1-fLy2S1oUG2ou/CxdLGe04VCyomg=",
      "dev": true
    },
    "tar": {
      "version": "4.4.8",
      "resolved": "https://registry.npmjs.org/tar/-/tar-4.4.8.tgz",
      "integrity": "sha512-LzHF64s5chPQQS0IYBn9IN5h3i98c12bo4NCO7e0sGM2llXQ3p2FGC5sdENN4cTW48O915Sh+x+EXx7XW96xYQ==",
      "dev": true,
      "requires": {
        "chownr": "^1.1.1",
        "fs-minipass": "^1.2.5",
        "minipass": "^2.3.4",
        "minizlib": "^1.1.1",
        "mkdirp": "^0.5.0",
        "safe-buffer": "^5.1.2",
        "yallist": "^3.0.2"
      }
    },
    "underscore": {
      "version": "1.8.3",
      "resolved": "https://registry.npmjs.org/underscore/-/underscore-1.8.3.tgz",
      "integrity": "sha1-Tz+1OxBuYJf8+ctBCfKl6b36UCI=",
      "dev": true
    },
    "underscore-contrib": {
      "version": "0.3.0",
      "resolved": "https://registry.npmjs.org/underscore-contrib/-/underscore-contrib-0.3.0.tgz",
      "integrity": "sha1-ZltmwkeD+PorGMn4y7Dix9SMJsc=",
      "dev": true,
      "requires": {
        "underscore": "1.6.0"
      },
      "dependencies": {
        "underscore": {
          "version": "1.6.0",
          "resolved": "https://registry.npmjs.org/underscore/-/underscore-1.6.0.tgz",
          "integrity": "sha1-izixDKze9jM3uLJOT/htRa6lKag=",
          "dev": true
        }
      }
    },
    "xmlcreate": {
      "version": "1.0.2",
      "resolved": "https://registry.npmjs.org/xmlcreate/-/xmlcreate-1.0.2.tgz",
      "integrity": "sha1-+mv3YqYKQT+z3Y9LA8WyaSONMI8=",
      "dev": true
    },
    "yallist": {
      "version": "3.0.3",
      "resolved": "https://registry.npmjs.org/yallist/-/yallist-3.0.3.tgz",
      "integrity": "sha512-S+Zk8DEWE6oKpV+vI3qWkaK+jSbIK86pCwe2IF/xwIpQ8jEuxpw9NyaGjmp9+BoJv5FV2piqCDcoCtStppiq2A==",
      "dev": true
    }
  }
}
